
Microsoft Visual Studio Solution File, Format Version 12.00
# Visual Studio Version 17
VisualStudioVersion = 17.13.35806.99 d17.13
MinimumVisualStudioVersion = 10.0.40219.1
Project("{FAE04EC0-301F-11D3-BF4B-00C04F79EFBC}") = "temp_room_esp32", "temp_room_esp32\temp_room_esp32.csproj", "{3969901C-443C-48DC-A2C0-BC4F9DBB4C1C}"
EndProject
Global
	GlobalSection(SolutionConfigurationPlatforms) = preSolution
		Debug|Any CPU = Debug|Any CPU
		Release|Any CPU = Release|Any CPU
	EndGlobalSection
	GlobalSection(ProjectConfigurationPlatforms) = postSolution
		{3969901C-443C-48DC-A2C0-BC4F9DBB4C1C}.Debug|Any CPU.ActiveCfg = Debug|Any CPU
		{3969901C-443C-48DC-A2C0-BC4F9DBB4C1C}.Debug|Any CPU.Build.0 = Debug|Any CPU
		{3969901C-443C-48DC-A2C0-BC4F9DBB4C1C}.Release|Any CPU.ActiveCfg = Release|Any CPU
		{3969901C-443C-48DC-A2C0-BC4F9DBB4C1C}.Release|Any CPU.Build.0 = Release|Any CPU
	EndGlobalSection
	GlobalSection(SolutionProperties) = preSolution
		HideSolutionNode = FALSE
	EndGlobalSection
	GlobalSection(ExtensibilityGlobals) = postSolution
		SolutionGuid = {86B07DB7-A3B1-4A1F-AB66-80B2D131BE46}
	EndGlobalSection
EndGlobal
