Microsoft Visual Studio Solution File, Format Version 12.00
# Visual Studio Version 17
VisualStudioVersion = 17.5.2.0
MinimumVisualStudioVersion = 10.0.40219.1
Project("{FAE04EC0-301F-11D3-BF4B-00C04F79EFBC}") = "temp_room_esp32", "temp_room_esp32.csproj", "{21908525-CE7B-ED6F-C2FE-8B6593173B48}"
EndProject
Global
	GlobalSection(SolutionConfigurationPlatforms) = preSolution
		Debug|Any CPU = Debug|Any CPU
		Release|Any CPU = Release|Any CPU
	EndGlobalSection
	GlobalSection(ProjectConfigurationPlatforms) = postSolution
		{21908525-CE7B-ED6F-C2FE-8B6593173B48}.Debug|Any CPU.ActiveCfg = Debug|Any CPU
		{21908525-CE7B-ED6F-C2FE-8B6593173B48}.Debug|Any CPU.Build.0 = Debug|Any CPU
		{21908525-CE7B-ED6F-C2FE-8B6593173B48}.Release|Any CPU.ActiveCfg = Release|Any CPU
		{21908525-CE7B-ED6F-C2FE-8B6593173B48}.Release|Any CPU.Build.0 = Release|Any CPU
	EndGlobalSection
	GlobalSection(SolutionProperties) = preSolution
		HideSolutionNode = FALSE
	EndGlobalSection
	GlobalSection(ExtensibilityGlobals) = postSolution
		SolutionGuid = {132CE09F-3CB9-4DB9-A6CE-407C7C2EE7E2}
	EndGlobalSection
EndGlobal
